
Microsoft Visual Studio Solution File, Format Version 12.00
# Visual Studio 2013
VisualStudioVersion = 12.0.21005.1
MinimumVisualStudioVersion = 10.0.40219.1
Project("{FAE04EC0-301F-11D3-BF4B-00C04F79EFBC}") = "Strategy.BusinessLogic", "Strategy.BusinessLogic\Strategy.BusinessLogic.csproj", "{F6ABF758-6CBB-472F-9D4B-85E5795D03DC}"
EndProject
Project("{FAE04EC0-301F-11D3-BF4B-00C04F79EFBC}") = "Strategy.WebApplication", "Strategy.WebApplication\Strategy.WebApplication.csproj", "{C17246F9-D6EA-4D80-A948-1FB295EF2DFA}"
EndProject
Global
	GlobalSection(SolutionConfigurationPlatforms) = preSolution
		Debug|Any CPU = Debug|Any CPU
		Release|Any CPU = Release|Any CPU
	EndGlobalSection
	GlobalSection(ProjectConfigurationPlatforms) = postSolution
		{F6ABF758-6CBB-472F-9D4B-85E5795D03DC}.Debug|Any CPU.ActiveCfg = Debug|Any CPU
		{F6ABF758-6CBB-472F-9D4B-85E5795D03DC}.Debug|Any CPU.Build.0 = Debug|Any CPU
		{F6ABF758-6CBB-472F-9D4B-85E5795D03DC}.Release|Any CPU.ActiveCfg = Release|Any CPU
		{F6ABF758-6CBB-472F-9D4B-85E5795D03DC}.Release|Any CPU.Build.0 = Release|Any CPU
		{C17246F9-D6EA-4D80-A948-1FB295EF2DFA}.Debug|Any CPU.ActiveCfg = Debug|Any CPU
		{C17246F9-D6EA-4D80-A948-1FB295EF2DFA}.Debug|Any CPU.Build.0 = Debug|Any CPU
		{C17246F9-D6EA-4D80-A948-1FB295EF2DFA}.Release|Any CPU.ActiveCfg = Release|Any CPU
		{C17246F9-D6EA-4D80-A948-1FB295EF2DFA}.Release|Any CPU.Build.0 = Release|Any CPU
	EndGlobalSection
	GlobalSection(SolutionProperties) = preSolution
		HideSolutionNode = FALSE
	EndGlobalSection
EndGlobal
